{
  "originHash" : "f9a2b786f287b2d1d26350a68b72bf5a388c54614b7fc19a10c8155f34ff5218",
  "pins" : [
    {
      "identity" : "lunar-swift",
      "kind" : "remoteSourceControl",
      "location" : "https://github.com/6tail/lunar-swift",
      "state" : {
        "revision" : "7d46c4d6297f45ed10a3b370b999167a02d59aea",
        "version" : "1.1.4"
      }
    }
  ],
  "version" : 3
}
