// !$*UTF8*$!
{
	archiveVersion = 1;
	classes = {
	};
	objectVersion = 77;
	objects = {

/* Begin PBXBuildFile section */
		A7561C0D2DC51E32002D3903 /* LunarSwift in Frameworks */ = {isa = PBXBuildFile; productRef = A7561C0C2DC51E32002D3903 /* LunarSwift */; };
/* End PBXBuildFile section */

/* Begin PBXContainerItemProxy section */
		A7561BD52DC4C903002D3903 /* PBXContainerItemProxy */ = {
			isa = PBXContainerItemProxy;
			containerPortal = A7561BBF2DC4C902002D3903 /* Project object */;
			proxyType = 1;
			remoteGlobalIDString = A7561BC62DC4C902002D3903;
			remoteInfo = JnDay2;
		};
		A7561BDF2DC4C903002D3903 /* PBXContainerItemProxy */ = {
			isa = PBXContainerItemProxy;
			containerPortal = A7561BBF2DC4C902002D3903 /* Project object */;
			proxyType = 1;
			remoteGlobalIDString = A7561BC62DC4C902002D3903;
			remoteInfo = JnDay2;
		};
/* End PBXContainerItemProxy section */

/* Begin PBXFileReference section */
		A7561BC72DC4C902002D3903 /* JnDay2.app */ = {isa = PBXFileReference; explicitFileType = wrapper.application; includeInIndex = 0; path = JnDay2.app; sourceTree = BUILT_PRODUCTS_DIR; };
		A7561BD42DC4C903002D3903 /* JnDay2Tests.xctest */ = {isa = PBXFileReference; explicitFileType = wrapper.cfbundle; includeInIndex = 0; path = JnDay2Tests.xctest; sourceTree = BUILT_PRODUCTS_DIR; };
		A7561BDE2DC4C903002D3903 /* JnDay2UITests.xctest */ = {isa = PBXFileReference; explicitFileType = wrapper.cfbundle; includeInIndex = 0; path = JnDay2UITests.xctest; sourceTree = BUILT_PRODUCTS_DIR; };
/* End PBXFileReference section */

/* Begin PBXFileSystemSynchronizedRootGroup section */
		A7561BC92DC4C902002D3903 /* JnDay2 */ = {
			isa = PBXFileSystemSynchronizedRootGroup;
			path = JnDay2;
			sourceTree = "<group>";
		};
		A7561BD72DC4C903002D3903 /* JnDay2Tests */ = {
			isa = PBXFileSystemSynchronizedRootGroup;
			path = JnDay2Tests;
			sourceTree = "<group>";
		};
		A7561BE12DC4C903002D3903 /* JnDay2UITests */ = {
			isa = PBXFileSystemSynchronizedRootGroup;
			path = JnDay2UITests;
			sourceTree = "<group>";
		};
/* End PBXFileSystemSynchronizedRootGroup section */

/* Begin PBXFrameworksBuildPhase section */
		A7561BC42DC4C902002D3903 /* Frameworks */ = {
			isa = PBXFrameworksBuildPhase;
			buildActionMask = 2147483647;
			files = (
				A7561C0D2DC51E32002D3903 /* LunarSwift in Frameworks */,
			);
			runOnlyForDeploymentPostprocessing = 0;
		};
		A7561BD12DC4C903002D3903 /* Frameworks */ = {
			isa = PBXFrameworksBuildPhase;
			buildActionMask = 2147483647;
			files = (
			);
			runOnlyForDeploymentPostprocessing = 0;
		};
		A7561BDB2DC4C903002D3903 /* Frameworks */ = {
			isa = PBXFrameworksBuildPhase;
			buildActionMask = 2147483647;
			files = (
			);
			runOnlyForDeploymentPostprocessing = 0;
		};
/* End PBXFrameworksBuildPhase section */

/* Begin PBXGroup section */
		A7561BBE2DC4C902002D3903 = {
			isa = PBXGroup;
			children = (
				A7561BC92DC4C902002D3903 /* JnDay2 */,
				A7561BD72DC4C903002D3903 /* JnDay2Tests */,
				A7561BE12DC4C903002D3903 /* JnDay2UITests */,
				A7561BC82DC4C902002D3903 /* Products */,
			);
			sourceTree = "<group>";
		};
		A7561BC82DC4C902002D3903 /* Products */ = {
			isa = PBXGroup;
			children = (
				A7561BC72DC4C902002D3903 /* JnDay2.app */,
				A7561BD42DC4C903002D3903 /* JnDay2Tests.xctest */,
				A7561BDE2DC4C903002D3903 /* JnDay2UITests.xctest */,
			);
			name = Products;
			sourceTree = "<group>";
		};
/* End PBXGroup section */

/* Begin PBXNativeTarget section */
		A7561BC62DC4C902002D3903 /* JnDay2 */ = {
			isa = PBXNativeTarget;
			buildConfigurationList = A7561BE82DC4C903002D3903 /* Build configuration list for PBXNativeTarget "JnDay2" */;
			buildPhases = (
				A7561BC32DC4C902002D3903 /* Sources */,
				A7561BC42DC4C902002D3903 /* Frameworks */,
				A7561BC52DC4C902002D3903 /* Resources */,
			);
			buildRules = (
			);
			dependencies = (
			);
			fileSystemSynchronizedGroups = (
				A7561BC92DC4C902002D3903 /* JnDay2 */,
			);
			name = JnDay2;
			packageProductDependencies = (
				A7561C0C2DC51E32002D3903 /* LunarSwift */,
			);
			productName = JnDay2;
			productReference = A7561BC72DC4C902002D3903 /* JnDay2.app */;
			productType = "com.apple.product-type.application";
		};
		A7561BD32DC4C903002D3903 /* JnDay2Tests */ = {
			isa = PBXNativeTarget;
			buildConfigurationList = A7561BEB2DC4C903002D3903 /* Build configuration list for PBXNativeTarget "JnDay2Tests" */;
			buildPhases = (
				A7561BD02DC4C903002D3903 /* Sources */,
				A7561BD12DC4C903002D3903 /* Frameworks */,
				A7561BD22DC4C903002D3903 /* Resources */,
			);
			buildRules = (
			);
			dependencies = (
				A7561BD62DC4C903002D3903 /* PBXTargetDependency */,
			);
			fileSystemSynchronizedGroups = (
				A7561BD72DC4C903002D3903 /* JnDay2Tests */,
			);
			name = JnDay2Tests;
			packageProductDependencies = (
			);
			productName = JnDay2Tests;
			productReference = A7561BD42DC4C903002D3903 /* JnDay2Tests.xctest */;
			productType = "com.apple.product-type.bundle.unit-test";
		};
		A7561BDD2DC4C903002D3903 /* JnDay2UITests */ = {
			isa = PBXNativeTarget;
			buildConfigurationList = A7561BEE2DC4C903002D3903 /* Build configuration list for PBXNativeTarget "JnDay2UITests" */;
			buildPhases = (
				A7561BDA2DC4C903002D3903 /* Sources */,
				A7561BDB2DC4C903002D3903 /* Frameworks */,
				A7561BDC2DC4C903002D3903 /* Resources */,
			);
			buildRules = (
			);
			dependencies = (
				A7561BE02DC4C903002D3903 /* PBXTargetDependency */,
			);
			fileSystemSynchronizedGroups = (
				A7561BE12DC4C903002D3903 /* JnDay2UITests */,
			);
			name = JnDay2UITests;
			packageProductDependencies = (
			);
			productName = JnDay2UITests;
			productReference = A7561BDE2DC4C903002D3903 /* JnDay2UITests.xctest */;
			productType = "com.apple.product-type.bundle.ui-testing";
		};
/* End PBXNativeTarget section */

/* Begin PBXProject section */
		A7561BBF2DC4C902002D3903 /* Project object */ = {
			isa = PBXProject;
			attributes = {
				BuildIndependentTargetsInParallel = 1;
				LastSwiftUpdateCheck = 1630;
				LastUpgradeCheck = 1630;
				TargetAttributes = {
					A7561BC62DC4C902002D3903 = {
						CreatedOnToolsVersion = 16.3;
					};
					A7561BD32DC4C903002D3903 = {
						CreatedOnToolsVersion = 16.3;
						TestTargetID = A7561BC62DC4C902002D3903;
					};
					A7561BDD2DC4C903002D3903 = {
						CreatedOnToolsVersion = 16.3;
						TestTargetID = A7561BC62DC4C902002D3903;
					};
				};
			};
			buildConfigurationList = A7561BC22DC4C902002D3903 /* Build configuration list for PBXProject "JnDay2" */;
			developmentRegion = "zh-Hans";
			hasScannedForEncodings = 0;
			knownRegions = (
				Base,
				"zh-Hans",
			);
			mainGroup = A7561BBE2DC4C902002D3903;
			minimizedProjectReferenceProxies = 1;
			packageReferences = (
				A7561C0B2DC51E32002D3903 /* XCRemoteSwiftPackageReference "lunar-swift" */,
			);
			preferredProjectObjectVersion = 77;
			productRefGroup = A7561BC82DC4C902002D3903 /* Products */;
			projectDirPath = "";
			projectRoot = "";
			targets = (
				A7561BC62DC4C902002D3903 /* JnDay2 */,
				A7561BD32DC4C903002D3903 /* JnDay2Tests */,
				A7561BDD2DC4C903002D3903 /* JnDay2UITests */,
			);
		};
/* End PBXProject section */

/* Begin PBXResourcesBuildPhase section */
		A7561BC52DC4C902002D3903 /* Resources */ = {
			isa = PBXResourcesBuildPhase;
			buildActionMask = 2147483647;
			files = (
			);
			runOnlyForDeploymentPostprocessing = 0;
		};
		A7561BD22DC4C903002D3903 /* Resources */ = {
			isa = PBXResourcesBuildPhase;
			buildActionMask = 2147483647;
			files = (
			);
			runOnlyForDeploymentPostprocessing = 0;
		};
		A7561BDC2DC4C903002D3903 /* Resources */ = {
			isa = PBXResourcesBuildPhase;
			buildActionMask = 2147483647;
			files = (
			);
			runOnlyForDeploymentPostprocessing = 0;
		};
/* End PBXResourcesBuildPhase section */

/* Begin PBXSourcesBuildPhase section */
		A7561BC32DC4C902002D3903 /* Sources */ = {
			isa = PBXSourcesBuildPhase;
			buildActionMask = 2147483647;
			files = (
			);
			runOnlyForDeploymentPostprocessing = 0;
		};
		A7561BD02DC4C903002D3903 /* Sources */ = {
			isa = PBXSourcesBuildPhase;
			buildActionMask = 2147483647;
			files = (
			);
			runOnlyForDeploymentPostprocessing = 0;
		};
		A7561BDA2DC4C903002D3903 /* Sources */ = {
			isa = PBXSourcesBuildPhase;
			buildActionMask = 2147483647;
			files = (
			);
			runOnlyForDeploymentPostprocessing = 0;
		};
/* End PBXSourcesBuildPhase section */

/* Begin PBXTargetDependency section */
		A7561BD62DC4C903002D3903 /* PBXTargetDependency */ = {
			isa = PBXTargetDependency;
			target = A7561BC62DC4C902002D3903 /* JnDay2 */;
			targetProxy = A7561BD52DC4C903002D3903 /* PBXContainerItemProxy */;
		};
		A7561BE02DC4C903002D3903 /* PBXTargetDependency */ = {
			isa = PBXTargetDependency;
			target = A7561BC62DC4C902002D3903 /* JnDay2 */;
			targetProxy = A7561BDF2DC4C903002D3903 /* PBXContainerItemProxy */;
		};
/* End PBXTargetDependency section */

/* Begin XCBuildConfiguration section */
		A7561BE62DC4C903002D3903 /* Debug */ = {
			isa = XCBuildConfiguration;
			buildSettings = {
				ALWAYS_SEARCH_USER_PATHS = NO;
				ASSETCATALOG_COMPILER_GENERATE_SWIFT_ASSET_SYMBOL_EXTENSIONS = YES;
				CLANG_ANALYZER_NONNULL = YES;
				CLANG_ANALYZER_NUMBER_OBJECT_CONVERSION = YES_AGGRESSIVE;
				CLANG_CXX_LANGUAGE_STANDARD = "gnu++20";
				CLANG_ENABLE_MODULES = YES;
				CLANG_ENABLE_OBJC_ARC = YES;
				CLANG_ENABLE_OBJC_WEAK = YES;
				CLANG_WARN_BLOCK_CAPTURE_AUTORELEASING = YES;
				CLANG_WARN_BOOL_CONVERSION = YES;
				CLANG_WARN_COMMA = YES;
				CLANG_WARN_CONSTANT_CONVERSION = YES;
				CLANG_WARN_DEPRECATED_OBJC_IMPLEMENTATIONS = YES;
				CLANG_WARN_DIRECT_OBJC_ISA_USAGE = YES_ERROR;
				CLANG_WARN_DOCUMENTATION_COMMENTS = YES;
				CLANG_WARN_EMPTY_BODY = YES;
				CLANG_WARN_ENUM_CONVERSION = YES;
				CLANG_WARN_INFINITE_RECURSION = YES;
				CLANG_WARN_INT_CONVERSION = YES;
				CLANG_WARN_NON_LITERAL_NULL_CONVERSION = YES;
				CLANG_WARN_OBJC_IMPLICIT_RETAIN_SELF = YES;
				CLANG_WARN_OBJC_LITERAL_CONVERSION = YES;
				CLANG_WARN_OBJC_ROOT_CLASS = YES_ERROR;
				CLANG_WARN_QUOTED_INCLUDE_IN_FRAMEWORK_HEADER = YES;
				CLANG_WARN_RANGE_LOOP_ANALYSIS = YES;
				CLANG_WARN_STRICT_PROTOTYPES = YES;
				CLANG_WARN_SUSPICIOUS_MOVE = YES;
				CLANG_WARN_UNGUARDED_AVAILABILITY = YES_AGGRESSIVE;
				CLANG_WARN_UNREACHABLE_CODE = YES;
				CLANG_WARN__DUPLICATE_METHOD_MATCH = YES;
				COPY_PHASE_STRIP = NO;
				DEBUG_INFORMATION_FORMAT = dwarf;
				DEVELOPMENT_TEAM = Q33D2T3R27;
				ENABLE_STRICT_OBJC_MSGSEND = YES;
				ENABLE_TESTABILITY = YES;
				ENABLE_USER_SCRIPT_SANDBOXING = YES;
				GCC_C_LANGUAGE_STANDARD = gnu17;
				GCC_DYNAMIC_NO_PIC = NO;
				GCC_NO_COMMON_BLOCKS = YES;
				GCC_OPTIMIZATION_LEVEL = 0;
				GCC_PREPROCESSOR_DEFINITIONS = (
					"DEBUG=1",
					"$(inherited)",
				);
				GCC_WARN_64_TO_32_BIT_CONVERSION = YES;
				GCC_WARN_ABOUT_RETURN_TYPE = YES_ERROR;
				GCC_WARN_UNDECLARED_SELECTOR = YES;
				GCC_WARN_UNINITIALIZED_AUTOS = YES_AGGRESSIVE;
				GCC_WARN_UNUSED_FUNCTION = YES;
				GCC_WARN_UNUSED_VARIABLE = YES;
				IPHONEOS_DEPLOYMENT_TARGET = 18.4;
				LOCALIZATION_PREFERS_STRING_CATALOGS = YES;
				MTL_ENABLE_DEBUG_INFO = INCLUDE_SOURCE;
				MTL_FAST_MATH = YES;
				ONLY_ACTIVE_ARCH = YES;
				SDKROOT = iphoneos;
				SWIFT_ACTIVE_COMPILATION_CONDITIONS = "DEBUG $(inherited)";
				SWIFT_OPTIMIZATION_LEVEL = "-Onone";
			};
			name = Debug;
		};
		A7561BE72DC4C903002D3903 /* Release */ = {
			isa = XCBuildConfiguration;
			buildSettings = {
				ALWAYS_SEARCH_USER_PATHS = NO;
				ASSETCATALOG_COMPILER_GENERATE_SWIFT_ASSET_SYMBOL_EXTENSIONS = YES;
				CLANG_ANALYZER_NONNULL = YES;
				CLANG_ANALYZER_NUMBER_OBJECT_CONVERSION = YES_AGGRESSIVE;
				CLANG_CXX_LANGUAGE_STANDARD = "gnu++20";
				CLANG_ENABLE_MODULES = YES;
				CLANG_ENABLE_OBJC_ARC = YES;
				CLANG_ENABLE_OBJC_WEAK = YES;
				CLANG_WARN_BLOCK_CAPTURE_AUTORELEASING = YES;
				CLANG_WARN_BOOL_CONVERSION = YES;
				CLANG_WARN_COMMA = YES;
				CLANG_WARN_CONSTANT_CONVERSION = YES;
				CLANG_WARN_DEPRECATED_OBJC_IMPLEMENTATIONS = YES;
				CLANG_WARN_DIRECT_OBJC_ISA_USAGE = YES_ERROR;
				CLANG_WARN_DOCUMENTATION_COMMENTS = YES;
				CLANG_WARN_EMPTY_BODY = YES;
				CLANG_WARN_ENUM_CONVERSION = YES;
				CLANG_WARN_INFINITE_RECURSION = YES;
				CLANG_WARN_INT_CONVERSION = YES;
				CLANG_WARN_NON_LITERAL_NULL_CONVERSION = YES;
				CLANG_WARN_OBJC_IMPLICIT_RETAIN_SELF = YES;
				CLANG_WARN_OBJC_LITERAL_CONVERSION = YES;
				CLANG_WARN_OBJC_ROOT_CLASS = YES_ERROR;
				CLANG_WARN_QUOTED_INCLUDE_IN_FRAMEWORK_HEADER = YES;
				CLANG_WARN_RANGE_LOOP_ANALYSIS = YES;
				CLANG_WARN_STRICT_PROTOTYPES = YES;
				CLANG_WARN_SUSPICIOUS_MOVE = YES;
				CLANG_WARN_UNGUARDED_AVAILABILITY = YES_AGGRESSIVE;
				CLANG_WARN_UNREACHABLE_CODE = YES;
				CLANG_WARN__DUPLICATE_METHOD_MATCH = YES;
				COPY_PHASE_STRIP = NO;
				DEBUG_INFORMATION_FORMAT = "dwarf-with-dsym";
				DEVELOPMENT_TEAM = Q33D2T3R27;
				ENABLE_NS_ASSERTIONS = NO;
				ENABLE_STRICT_OBJC_MSGSEND = YES;
				ENABLE_USER_SCRIPT_SANDBOXING = YES;
				GCC_C_LANGUAGE_STANDARD = gnu17;
				GCC_NO_COMMON_BLOCKS = YES;
				GCC_WARN_64_TO_32_BIT_CONVERSION = YES;
				GCC_WARN_ABOUT_RETURN_TYPE = YES_ERROR;
				GCC_WARN_UNDECLARED_SELECTOR = YES;
				GCC_WARN_UNINITIALIZED_AUTOS = YES_AGGRESSIVE;
				GCC_WARN_UNUSED_FUNCTION = YES;
				GCC_WARN_UNUSED_VARIABLE = YES;
				IPHONEOS_DEPLOYMENT_TARGET = 18.4;
				LOCALIZATION_PREFERS_STRING_CATALOGS = YES;
				MTL_ENABLE_DEBUG_INFO = NO;
				MTL_FAST_MATH = YES;
				SDKROOT = iphoneos;
				SWIFT_COMPILATION_MODE = wholemodule;
				VALIDATE_PRODUCT = YES;
			};
			name = Release;
		};
		A7561BE92DC4C903002D3903 /* Debug */ = {
			isa = XCBuildConfiguration;
			buildSettings = {
				ASSETCATALOG_COMPILER_APPICON_NAME = AppIcon;
				ASSETCATALOG_COMPILER_GLOBAL_ACCENT_COLOR_NAME = AccentColor;
				CODE_SIGN_STYLE = Automatic;
				CURRENT_PROJECT_VERSION = 1;
				DEVELOPMENT_TEAM = Q33D2T3R27;
				ENABLE_PREVIEWS = YES;
				GENERATE_INFOPLIST_FILE = YES;
				INFOPLIST_KEY_CFBundleDisplayName = "纪念日";
				INFOPLIST_KEY_UIApplicationSceneManifest_Generation = YES;
				INFOPLIST_KEY_UIApplicationSupportsIndirectInputEvents = YES;
				INFOPLIST_KEY_UILaunchScreen_Generation = YES;
				INFOPLIST_KEY_UISupportedInterfaceOrientations_iPad = "UIInterfaceOrientationPortrait UIInterfaceOrientationPortraitUpsideDown UIInterfaceOrientationLandscapeLeft UIInterfaceOrientationLandscapeRight";
				INFOPLIST_KEY_UISupportedInterfaceOrientations_iPhone = "UIInterfaceOrientationPortrait UIInterfaceOrientationLandscapeLeft UIInterfaceOrientationLandscapeRight";
				LD_RUNPATH_SEARCH_PATHS = (
					"$(inherited)",
					"@executable_path/Frameworks",
				);
				MARKETING_VERSION = 1.0;
				PRODUCT_BUNDLE_IDENTIFIER = cn.caiyy.JnDay2.JnDay2;
				PRODUCT_NAME = "$(TARGET_NAME)";
				SWIFT_EMIT_LOC_STRINGS = YES;
				SWIFT_VERSION = 5.0;
				TARGETED_DEVICE_FAMILY = "1,2";
			};
			name = Debug;
		};
		A7561BEA2DC4C903002D3903 /* Release */ = {
			isa = XCBuildConfiguration;
			buildSettings = {
				ASSETCATALOG_COMPILER_APPICON_NAME = AppIcon;
				ASSETCATALOG_COMPILER_GLOBAL_ACCENT_COLOR_NAME = AccentColor;
				CODE_SIGN_STYLE = Automatic;
				CURRENT_PROJECT_VERSION = 1;
				DEVELOPMENT_TEAM = Q33D2T3R27;
				ENABLE_PREVIEWS = YES;
				GENERATE_INFOPLIST_FILE = YES;
				INFOPLIST_KEY_CFBundleDisplayName = "纪念日";
				INFOPLIST_KEY_UIApplicationSceneManifest_Generation = YES;
				INFOPLIST_KEY_UIApplicationSupportsIndirectInputEvents = YES;
				INFOPLIST_KEY_UILaunchScreen_Generation = YES;
				INFOPLIST_KEY_UISupportedInterfaceOrientations_iPad = "UIInterfaceOrientationPortrait UIInterfaceOrientationPortraitUpsideDown UIInterfaceOrientationLandscapeLeft UIInterfaceOrientationLandscapeRight";
				INFOPLIST_KEY_UISupportedInterfaceOrientations_iPhone = "UIInterfaceOrientationPortrait UIInterfaceOrientationLandscapeLeft UIInterfaceOrientationLandscapeRight";
				LD_RUNPATH_SEARCH_PATHS = (
					"$(inherited)",
					"@executable_path/Frameworks",
				);
				MARKETING_VERSION = 1.0;
				PRODUCT_BUNDLE_IDENTIFIER = cn.caiyy.JnDay2.JnDay2;
				PRODUCT_NAME = "$(TARGET_NAME)";
				SWIFT_EMIT_LOC_STRINGS = YES;
				SWIFT_VERSION = 5.0;
				TARGETED_DEVICE_FAMILY = "1,2";
			};
			name = Release;
		};
		A7561BEC2DC4C903002D3903 /* Debug */ = {
			isa = XCBuildConfiguration;
			buildSettings = {
				BUNDLE_LOADER = "$(TEST_HOST)";
				CODE_SIGN_STYLE = Automatic;
				CURRENT_PROJECT_VERSION = 1;
				DEVELOPMENT_TEAM = Q33D2T3R27;
				GENERATE_INFOPLIST_FILE = YES;
				IPHONEOS_DEPLOYMENT_TARGET = 18.4;
				MARKETING_VERSION = 1.0;
				PRODUCT_BUNDLE_IDENTIFIER = cn.caiyy.JnDay2.JnDay2Tests;
				PRODUCT_NAME = "$(TARGET_NAME)";
				SWIFT_EMIT_LOC_STRINGS = NO;
				SWIFT_VERSION = 5.0;
				TARGETED_DEVICE_FAMILY = "1,2";
				TEST_HOST = "$(BUILT_PRODUCTS_DIR)/JnDay2.app/$(BUNDLE_EXECUTABLE_FOLDER_PATH)/JnDay2";
			};
			name = Debug;
		};
		A7561BED2DC4C903002D3903 /* Release */ = {
			isa = XCBuildConfiguration;
			buildSettings = {
				BUNDLE_LOADER = "$(TEST_HOST)";
				CODE_SIGN_STYLE = Automatic;
				CURRENT_PROJECT_VERSION = 1;
				DEVELOPMENT_TEAM = Q33D2T3R27;
				GENERATE_INFOPLIST_FILE = YES;
				IPHONEOS_DEPLOYMENT_TARGET = 18.4;
				MARKETING_VERSION = 1.0;
				PRODUCT_BUNDLE_IDENTIFIER = cn.caiyy.JnDay2.JnDay2Tests;
				PRODUCT_NAME = "$(TARGET_NAME)";
				SWIFT_EMIT_LOC_STRINGS = NO;
				SWIFT_VERSION = 5.0;
				TARGETED_DEVICE_FAMILY = "1,2";
				TEST_HOST = "$(BUILT_PRODUCTS_DIR)/JnDay2.app/$(BUNDLE_EXECUTABLE_FOLDER_PATH)/JnDay2";
			};
			name = Release;
		};
		A7561BEF2DC4C903002D3903 /* Debug */ = {
			isa = XCBuildConfiguration;
			buildSettings = {
				CODE_SIGN_STYLE = Automatic;
				CURRENT_PROJECT_VERSION = 1;
				DEVELOPMENT_TEAM = Q33D2T3R27;
				GENERATE_INFOPLIST_FILE = YES;
				MARKETING_VERSION = 1.0;
				PRODUCT_BUNDLE_IDENTIFIER = cn.caiyy.JnDay2.JnDay2UITests;
				PRODUCT_NAME = "$(TARGET_NAME)";
				SWIFT_EMIT_LOC_STRINGS = NO;
				SWIFT_VERSION = 5.0;
				TARGETED_DEVICE_FAMILY = "1,2";
				TEST_TARGET_NAME = JnDay2;
			};
			name = Debug;
		};
		A7561BF02DC4C903002D3903 /* Release */ = {
			isa = XCBuildConfiguration;
			buildSettings = {
				CODE_SIGN_STYLE = Automatic;
				CURRENT_PROJECT_VERSION = 1;
				DEVELOPMENT_TEAM = Q33D2T3R27;
				GENERATE_INFOPLIST_FILE = YES;
				MARKETING_VERSION = 1.0;
				PRODUCT_BUNDLE_IDENTIFIER = cn.caiyy.JnDay2.JnDay2UITests;
				PRODUCT_NAME = "$(TARGET_NAME)";
				SWIFT_EMIT_LOC_STRINGS = NO;
				SWIFT_VERSION = 5.0;
				TARGETED_DEVICE_FAMILY = "1,2";
				TEST_TARGET_NAME = JnDay2;
			};
			name = Release;
		};
/* End XCBuildConfiguration section */

/* Begin XCConfigurationList section */
		A7561BC22DC4C902002D3903 /* Build configuration list for PBXProject "JnDay2" */ = {
			isa = XCConfigurationList;
			buildConfigurations = (
				A7561BE62DC4C903002D3903 /* Debug */,
				A7561BE72DC4C903002D3903 /* Release */,
			);
			defaultConfigurationIsVisible = 0;
			defaultConfigurationName = Release;
		};
		A7561BE82DC4C903002D3903 /* Build configuration list for PBXNativeTarget "JnDay2" */ = {
			isa = XCConfigurationList;
			buildConfigurations = (
				A7561BE92DC4C903002D3903 /* Debug */,
				A7561BEA2DC4C903002D3903 /* Release */,
			);
			defaultConfigurationIsVisible = 0;
			defaultConfigurationName = Release;
		};
		A7561BEB2DC4C903002D3903 /* Build configuration list for PBXNativeTarget "JnDay2Tests" */ = {
			isa = XCConfigurationList;
			buildConfigurations = (
				A7561BEC2DC4C903002D3903 /* Debug */,
				A7561BED2DC4C903002D3903 /* Release */,
			);
			defaultConfigurationIsVisible = 0;
			defaultConfigurationName = Release;
		};
		A7561BEE2DC4C903002D3903 /* Build configuration list for PBXNativeTarget "JnDay2UITests" */ = {
			isa = XCConfigurationList;
			buildConfigurations = (
				A7561BEF2DC4C903002D3903 /* Debug */,
				A7561BF02DC4C903002D3903 /* Release */,
			);
			defaultConfigurationIsVisible = 0;
			defaultConfigurationName = Release;
		};
/* End XCConfigurationList section */

/* Begin XCRemoteSwiftPackageReference section */
		A7561C0B2DC51E32002D3903 /* XCRemoteSwiftPackageReference "lunar-swift" */ = {
			isa = XCRemoteSwiftPackageReference;
			repositoryURL = "https://github.com/6tail/lunar-swift";
			requirement = {
				kind = upToNextMajorVersion;
				minimumVersion = 1.1.4;
			};
		};
/* End XCRemoteSwiftPackageReference section */

/* Begin XCSwiftPackageProductDependency section */
		A7561C0C2DC51E32002D3903 /* LunarSwift */ = {
			isa = XCSwiftPackageProductDependency;
			package = A7561C0B2DC51E32002D3903 /* XCRemoteSwiftPackageReference "lunar-swift" */;
			productName = LunarSwift;
		};
/* End XCSwiftPackageProductDependency section */
	};
	rootObject = A7561BBF2DC4C902002D3903 /* Project object */;
}
